
Microsoft Visual Studio Solution File, Format Version 12.00
# Visual Studio Version 17
VisualStudioVersion = 17.0.31903.59
MinimumVisualStudioVersion = 10.0.40219.1
Project("{2150E333-8FDC-42A3-9474-1A3956D46DE8}") = "src", "src", "{827E0CD3-B72D-47B6-A68D-7590B98EB39B}"
EndProject
Project("{FAE04EC0-301F-11D3-BF4B-00C04F79EFBC}") = "BankFlow.Domain", "src\BankFlow.Domain\BankFlow.Domain.csproj", "{52404CEA-F1BB-4122-94E5-2B68DF5C26B7}"
EndProject
Project("{FAE04EC0-301F-11D3-BF4B-00C04F79EFBC}") = "BankFlow.Application", "src\BankFlow.Application\BankFlow.Application.csproj", "{23EB7E97-521D-46E5-B653-E2D4355328B0}"
EndProject
Project("{FAE04EC0-301F-11D3-BF4B-00C04F79EFBC}") = "BankFlow.Infrastructure", "src\BankFlow.Infrastructure\BankFlow.Infrastructure.csproj", "{4E208829-B08A-4E5E-9987-129504CBF295}"
EndProject
Project("{FAE04EC0-301F-11D3-BF4B-00C04F79EFBC}") = "BankFlow.API", "src\BankFlow.API\BankFlow.API.csproj", "{F6B8C3A8-A5E7-4F0F-8577-8B18ADBBD5B7}"
EndProject
Global
	GlobalSection(SolutionConfigurationPlatforms) = preSolution
		Debug|Any CPU = Debug|Any CPU
		Debug|x64 = Debug|x64
		Debug|x86 = Debug|x86
		Release|Any CPU = Release|Any CPU
		Release|x64 = Release|x64
		Release|x86 = Release|x86
	EndGlobalSection
	GlobalSection(ProjectConfigurationPlatforms) = postSolution
		{52404CEA-F1BB-4122-94E5-2B68DF5C26B7}.Debug|Any CPU.ActiveCfg = Debug|Any CPU
		{52404CEA-F1BB-4122-94E5-2B68DF5C26B7}.Debug|Any CPU.Build.0 = Debug|Any CPU
		{52404CEA-F1BB-4122-94E5-2B68DF5C26B7}.Debug|x64.ActiveCfg = Debug|Any CPU
		{52404CEA-F1BB-4122-94E5-2B68DF5C26B7}.Debug|x64.Build.0 = Debug|Any CPU
		{52404CEA-F1BB-4122-94E5-2B68DF5C26B7}.Debug|x86.ActiveCfg = Debug|Any CPU
		{52404CEA-F1BB-4122-94E5-2B68DF5C26B7}.Debug|x86.Build.0 = Debug|Any CPU
		{52404CEA-F1BB-4122-94E5-2B68DF5C26B7}.Release|Any CPU.ActiveCfg = Release|Any CPU
		{52404CEA-F1BB-4122-94E5-2B68DF5C26B7}.Release|Any CPU.Build.0 = Release|Any CPU
		{52404CEA-F1BB-4122-94E5-2B68DF5C26B7}.Release|x64.ActiveCfg = Release|Any CPU
		{52404CEA-F1BB-4122-94E5-2B68DF5C26B7}.Release|x64.Build.0 = Release|Any CPU
		{52404CEA-F1BB-4122-94E5-2B68DF5C26B7}.Release|x86.ActiveCfg = Release|Any CPU
		{52404CEA-F1BB-4122-94E5-2B68DF5C26B7}.Release|x86.Build.0 = Release|Any CPU
		{23EB7E97-521D-46E5-B653-E2D4355328B0}.Debug|Any CPU.ActiveCfg = Debug|Any CPU
		{23EB7E97-521D-46E5-B653-E2D4355328B0}.Debug|Any CPU.Build.0 = Debug|Any CPU
		{23EB7E97-521D-46E5-B653-E2D4355328B0}.Debug|x64.ActiveCfg = Debug|Any CPU
		{23EB7E97-521D-46E5-B653-E2D4355328B0}.Debug|x64.Build.0 = Debug|Any CPU
		{23EB7E97-521D-46E5-B653-E2D4355328B0}.Debug|x86.ActiveCfg = Debug|Any CPU
		{23EB7E97-521D-46E5-B653-E2D4355328B0}.Debug|x86.Build.0 = Debug|Any CPU
		{23EB7E97-521D-46E5-B653-E2D4355328B0}.Release|Any CPU.ActiveCfg = Release|Any CPU
		{23EB7E97-521D-46E5-B653-E2D4355328B0}.Release|Any CPU.Build.0 = Release|Any CPU
		{23EB7E97-521D-46E5-B653-E2D4355328B0}.Release|x64.ActiveCfg = Release|Any CPU
		{23EB7E97-521D-46E5-B653-E2D4355328B0}.Release|x64.Build.0 = Release|Any CPU
		{23EB7E97-521D-46E5-B653-E2D4355328B0}.Release|x86.ActiveCfg = Release|Any CPU
		{23EB7E97-521D-46E5-B653-E2D4355328B0}.Release|x86.Build.0 = Release|Any CPU
		{4E208829-B08A-4E5E-9987-129504CBF295}.Debug|Any CPU.ActiveCfg = Debug|Any CPU
		{4E208829-B08A-4E5E-9987-129504CBF295}.Debug|Any CPU.Build.0 = Debug|Any CPU
		{4E208829-B08A-4E5E-9987-129504CBF295}.Debug|x64.ActiveCfg = Debug|Any CPU
		{4E208829-B08A-4E5E-9987-129504CBF295}.Debug|x64.Build.0 = Debug|Any CPU
		{4E208829-B08A-4E5E-9987-129504CBF295}.Debug|x86.ActiveCfg = Debug|Any CPU
		{4E208829-B08A-4E5E-9987-129504CBF295}.Debug|x86.Build.0 = Debug|Any CPU
		{4E208829-B08A-4E5E-9987-129504CBF295}.Release|Any CPU.ActiveCfg = Release|Any CPU
		{4E208829-B08A-4E5E-9987-129504CBF295}.Release|Any CPU.Build.0 = Release|Any CPU
		{4E208829-B08A-4E5E-9987-129504CBF295}.Release|x64.ActiveCfg = Release|Any CPU
		{4E208829-B08A-4E5E-9987-129504CBF295}.Release|x64.Build.0 = Release|Any CPU
		{4E208829-B08A-4E5E-9987-129504CBF295}.Release|x86.ActiveCfg = Release|Any CPU
		{4E208829-B08A-4E5E-9987-129504CBF295}.Release|x86.Build.0 = Release|Any CPU
		{F6B8C3A8-A5E7-4F0F-8577-8B18ADBBD5B7}.Debug|Any CPU.ActiveCfg = Debug|Any CPU
		{F6B8C3A8-A5E7-4F0F-8577-8B18ADBBD5B7}.Debug|Any CPU.Build.0 = Debug|Any CPU
		{F6B8C3A8-A5E7-4F0F-8577-8B18ADBBD5B7}.Debug|x64.ActiveCfg = Debug|Any CPU
		{F6B8C3A8-A5E7-4F0F-8577-8B18ADBBD5B7}.Debug|x64.Build.0 = Debug|Any CPU
		{F6B8C3A8-A5E7-4F0F-8577-8B18ADBBD5B7}.Debug|x86.ActiveCfg = Debug|Any CPU
		{F6B8C3A8-A5E7-4F0F-8577-8B18ADBBD5B7}.Debug|x86.Build.0 = Debug|Any CPU
		{F6B8C3A8-A5E7-4F0F-8577-8B18ADBBD5B7}.Release|Any CPU.ActiveCfg = Release|Any CPU
		{F6B8C3A8-A5E7-4F0F-8577-8B18ADBBD5B7}.Release|Any CPU.Build.0 = Release|Any CPU
		{F6B8C3A8-A5E7-4F0F-8577-8B18ADBBD5B7}.Release|x64.ActiveCfg = Release|Any CPU
		{F6B8C3A8-A5E7-4F0F-8577-8B18ADBBD5B7}.Release|x64.Build.0 = Release|Any CPU
		{F6B8C3A8-A5E7-4F0F-8577-8B18ADBBD5B7}.Release|x86.ActiveCfg = Release|Any CPU
		{F6B8C3A8-A5E7-4F0F-8577-8B18ADBBD5B7}.Release|x86.Build.0 = Release|Any CPU
	EndGlobalSection
	GlobalSection(SolutionProperties) = preSolution
		HideSolutionNode = FALSE
	EndGlobalSection
	GlobalSection(NestedProjects) = preSolution
		{52404CEA-F1BB-4122-94E5-2B68DF5C26B7} = {827E0CD3-B72D-47B6-A68D-7590B98EB39B}
		{23EB7E97-521D-46E5-B653-E2D4355328B0} = {827E0CD3-B72D-47B6-A68D-7590B98EB39B}
		{4E208829-B08A-4E5E-9987-129504CBF295} = {827E0CD3-B72D-47B6-A68D-7590B98EB39B}
		{F6B8C3A8-A5E7-4F0F-8577-8B18ADBBD5B7} = {827E0CD3-B72D-47B6-A68D-7590B98EB39B}
	EndGlobalSection
EndGlobal
